{
  "object": {
    "pins": [
      {
        "package": "SongPro",
        "repositoryURL": "https://github.com/SongProOrg/songpro-swift",
        "state": {
          "branch": "master",
          "revision": "5dbaf4005cd6317c36d72102f002b2c9680f9063",
          "version": null
        }
      }
    ]
  },
  "version": 1
}
