{
  "object": {
    "pins": [
      {
        "package": "SongPro",
        "repositoryURL": "https://github.com/SongProOrg/songpro-swift",
        "state": {
          "branch": "master",
          "revision": "fc2fbdde3fc0be4915d53b2773ed4b74c79f73ff",
          "version": null
        }
      }
    ]
  },
  "version": 1
}
